
Microsoft Visual Studio Solution File, Format Version 12.00
# Visual Studio Version 17
VisualStudioVersion = 17.5.33502.453
MinimumVisualStudioVersion = 10.0.40219.1
Project("{8BC9CEB8-8B4A-11D0-8D11-00A0C91BC942}") = "Klient multishooter", "Klient multishooter\Klient multishooter.vcxproj", "{9773F703-80D6-4EDB-AEED-0C5710D9D728}"
EndProject
Global
	GlobalSection(SolutionConfigurationPlatforms) = preSolution
		Debug|x64 = Debug|x64
		Debug|x86 = Debug|x86
		Release|x64 = Release|x64
		Release|x86 = Release|x86
	EndGlobalSection
	GlobalSection(ProjectConfigurationPlatforms) = postSolution
		{9773F703-80D6-4EDB-AEED-0C5710D9D728}.Debug|x64.ActiveCfg = Debug|x64
		{9773F703-80D6-4EDB-AEED-0C5710D9D728}.Debug|x64.Build.0 = Debug|x64
		{9773F703-80D6-4EDB-AEED-0C5710D9D728}.Debug|x86.ActiveCfg = Debug|Win32
		{9773F703-80D6-4EDB-AEED-0C5710D9D728}.Debug|x86.Build.0 = Debug|Win32
		{9773F703-80D6-4EDB-AEED-0C5710D9D728}.Release|x64.ActiveCfg = Release|x64
		{9773F703-80D6-4EDB-AEED-0C5710D9D728}.Release|x64.Build.0 = Release|x64
		{9773F703-80D6-4EDB-AEED-0C5710D9D728}.Release|x86.ActiveCfg = Release|Win32
		{9773F703-80D6-4EDB-AEED-0C5710D9D728}.Release|x86.Build.0 = Release|Win32
	EndGlobalSection
	GlobalSection(SolutionProperties) = preSolution
		HideSolutionNode = FALSE
	EndGlobalSection
	GlobalSection(ExtensibilityGlobals) = postSolution
		SolutionGuid = {A96F8AA5-E946-4347-BCF8-659003350D36}
	EndGlobalSection
EndGlobal
